// !$*UTF8*$!
{
	archiveVersion = 1;
	classes = {
	};
	objectVersion = 50;
	objects = {

/* Begin PBXBuildFile section */
		AAE93EDF2118D963009DD0E9 /* AppDelegate.m in Sources */ = {isa = PBXBuildFile; fileRef = AAE93EDE2118D963009DD0E9 /* AppDelegate.m */; };
		AAE93EE72118D965009DD0E9 /* Assets.xcassets in Resources */ = {isa = PBXBuildFile; fileRef = AAE93EE62118D965009DD0E9 /* Assets.xcassets */; };
		AAE93EEA2118D965009DD0E9 /* LaunchScreen.storyboard in Resources */ = {isa = PBXBuildFile; fileRef = AAE93EE82118D965009DD0E9 /* LaunchScreen.storyboard */; };
		AAE93EED2118D965009DD0E9 /* main.m in Sources */ = {isa = PBXBuildFile; fileRef = AAE93EEC2118D965009DD0E9 /* main.m */; };
		AAE93EF62118D989009DD0E9 /* taylor_s.jpeg in Resources */ = {isa = PBXBuildFile; fileRef = AAE93EF32118D989009DD0E9 /* taylor_s.jpeg */; };
		AAE93EF72118D989009DD0E9 /* justin_b.jpeg in Resources */ = {isa = PBXBuildFile; fileRef = AAE93EF42118D989009DD0E9 /* justin_b.jpeg */; };
		AAE93EF82118D989009DD0E9 /* iggy_p.jpeg in Resources */ = {isa = PBXBuildFile; fileRef = AAE93EF52118D989009DD0E9 /* iggy_p.jpeg */; };
		AAE93EFD2118D9D9009DD0E9 /* Artist.storyboard in Resources */ = {isa = PBXBuildFile; fileRef = AAE93EFC2118D9D9009DD0E9 /* Artist.storyboard */; };
		AAE93F002118DA12009DD0E9 /* ArtistViewController.m in Sources */ = {isa = PBXBuildFile; fileRef = AAE93EFF2118DA12009DD0E9 /* ArtistViewController.m */; };
		AAE93F032118DA77009DD0E9 /* Artist.m in Sources */ = {isa = PBXBuildFile; fileRef = AAE93F022118DA77009DD0E9 /* Artist.m */; };
		AAE93F062118DB0F009DD0E9 /* ArtistManager.m in Sources */ = {isa = PBXBuildFile; fileRef = AAE93F052118DB0F009DD0E9 /* ArtistManager.m */; };
/* End PBXBuildFile section */

/* Begin PBXFileReference section */
		AAE93EDA2118D963009DD0E9 /* RandomArtists.app */ = {isa = PBXFileReference; explicitFileType = wrapper.application; includeInIndex = 0; path = RandomArtists.app; sourceTree = BUILT_PRODUCTS_DIR; };
		AAE93EDD2118D963009DD0E9 /* AppDelegate.h */ = {isa = PBXFileReference; lastKnownFileType = sourcecode.c.h; path = AppDelegate.h; sourceTree = "<group>"; };
		AAE93EDE2118D963009DD0E9 /* AppDelegate.m */ = {isa = PBXFileReference; lastKnownFileType = sourcecode.c.objc; path = AppDelegate.m; sourceTree = "<group>"; };
		AAE93EE62118D965009DD0E9 /* Assets.xcassets */ = {isa = PBXFileReference; lastKnownFileType = folder.assetcatalog; path = Assets.xcassets; sourceTree = "<group>"; };
		AAE93EE92118D965009DD0E9 /* Base */ = {isa = PBXFileReference; lastKnownFileType = file.storyboard; name = Base; path = Base.lproj/LaunchScreen.storyboard; sourceTree = "<group>"; };
		AAE93EEB2118D965009DD0E9 /* Info.plist */ = {isa = PBXFileReference; lastKnownFileType = text.plist.xml; path = Info.plist; sourceTree = "<group>"; };
		AAE93EEC2118D965009DD0E9 /* main.m */ = {isa = PBXFileReference; lastKnownFileType = sourcecode.c.objc; path = main.m; sourceTree = "<group>"; };
		AAE93EF32118D989009DD0E9 /* taylor_s.jpeg */ = {isa = PBXFileReference; lastKnownFileType = image.jpeg; path = taylor_s.jpeg; sourceTree = "<group>"; };
		AAE93EF42118D989009DD0E9 /* justin_b.jpeg */ = {isa = PBXFileReference; lastKnownFileType = image.jpeg; path = justin_b.jpeg; sourceTree = "<group>"; };
		AAE93EF52118D989009DD0E9 /* iggy_p.jpeg */ = {isa = PBXFileReference; lastKnownFileType = image.jpeg; path = iggy_p.jpeg; sourceTree = "<group>"; };
		AAE93EFC2118D9D9009DD0E9 /* Artist.storyboard */ = {isa = PBXFileReference; lastKnownFileType = file.storyboard; path = Artist.storyboard; sourceTree = "<group>"; };
		AAE93EFE2118DA12009DD0E9 /* ArtistViewController.h */ = {isa = PBXFileReference; lastKnownFileType = sourcecode.c.h; path = ArtistViewController.h; sourceTree = "<group>"; };
		AAE93EFF2118DA12009DD0E9 /* ArtistViewController.m */ = {isa = PBXFileReference; lastKnownFileType = sourcecode.c.objc; path = ArtistViewController.m; sourceTree = "<group>"; };
		AAE93F012118DA77009DD0E9 /* Artist.h */ = {isa = PBXFileReference; lastKnownFileType = sourcecode.c.h; path = Artist.h; sourceTree = "<group>"; };
		AAE93F022118DA77009DD0E9 /* Artist.m */ = {isa = PBXFileReference; lastKnownFileType = sourcecode.c.objc; path = Artist.m; sourceTree = "<group>"; };
		AAE93F042118DB0F009DD0E9 /* ArtistManager.h */ = {isa = PBXFileReference; lastKnownFileType = sourcecode.c.h; path = ArtistManager.h; sourceTree = "<group>"; };
		AAE93F052118DB0F009DD0E9 /* ArtistManager.m */ = {isa = PBXFileReference; lastKnownFileType = sourcecode.c.objc; path = ArtistManager.m; sourceTree = "<group>"; };
/* End PBXFileReference section */

/* Begin PBXFrameworksBuildPhase section */
		AAE93ED72118D963009DD0E9 /* Frameworks */ = {
			isa = PBXFrameworksBuildPhase;
			buildActionMask = 2147483647;
			files = (
			);
			runOnlyForDeploymentPostprocessing = 0;
		};
/* End PBXFrameworksBuildPhase section */

/* Begin PBXGroup section */
		AAE93ED12118D963009DD0E9 = {
			isa = PBXGroup;
			children = (
				AAE93EDC2118D963009DD0E9 /* RandomArtists */,
				AAE93EDB2118D963009DD0E9 /* Products */,
			);
			sourceTree = "<group>";
		};
		AAE93EDB2118D963009DD0E9 /* Products */ = {
			isa = PBXGroup;
			children = (
				AAE93EDA2118D963009DD0E9 /* RandomArtists.app */,
			);
			name = Products;
			sourceTree = "<group>";
		};
		AAE93EDC2118D963009DD0E9 /* RandomArtists */ = {
			isa = PBXGroup;
			children = (
				AAE93EFB2118D99D009DD0E9 /* Controller */,
				AAE93EFA2118D998009DD0E9 /* View */,
				AAE93EF92118D992009DD0E9 /* Model */,
				AAE93EE62118D965009DD0E9 /* Assets.xcassets */,
				AAE93EEB2118D965009DD0E9 /* Info.plist */,
				AAE93EEC2118D965009DD0E9 /* main.m */,
			);
			path = RandomArtists;
			sourceTree = "<group>";
		};
		AAE93EF92118D992009DD0E9 /* Model */ = {
			isa = PBXGroup;
			children = (
				AAE93F012118DA77009DD0E9 /* Artist.h */,
				AAE93F022118DA77009DD0E9 /* Artist.m */,
				AAE93F042118DB0F009DD0E9 /* ArtistManager.h */,
				AAE93F052118DB0F009DD0E9 /* ArtistManager.m */,
			);
			path = Model;
			sourceTree = "<group>";
		};
		AAE93EFA2118D998009DD0E9 /* View */ = {
			isa = PBXGroup;
			children = (
				AAE93EF52118D989009DD0E9 /* iggy_p.jpeg */,
				AAE93EF42118D989009DD0E9 /* justin_b.jpeg */,
				AAE93EF32118D989009DD0E9 /* taylor_s.jpeg */,
				AAE93EE82118D965009DD0E9 /* LaunchScreen.storyboard */,
				AAE93EFC2118D9D9009DD0E9 /* Artist.storyboard */,
			);
			path = View;
			sourceTree = "<group>";
		};
		AAE93EFB2118D99D009DD0E9 /* Controller */ = {
			isa = PBXGroup;
			children = (
				AAE93EDD2118D963009DD0E9 /* AppDelegate.h */,
				AAE93EDE2118D963009DD0E9 /* AppDelegate.m */,
				AAE93EFE2118DA12009DD0E9 /* ArtistViewController.h */,
				AAE93EFF2118DA12009DD0E9 /* ArtistViewController.m */,
			);
			path = Controller;
			sourceTree = "<group>";
		};
/* End PBXGroup section */

/* Begin PBXNativeTarget section */
		AAE93ED92118D963009DD0E9 /* RandomArtists */ = {
			isa = PBXNativeTarget;
			buildConfigurationList = AAE93EF02118D965009DD0E9 /* Build configuration list for PBXNativeTarget "RandomArtists" */;
			buildPhases = (
				AAE93ED62118D963009DD0E9 /* Sources */,
				AAE93ED72118D963009DD0E9 /* Frameworks */,
				AAE93ED82118D963009DD0E9 /* Resources */,
			);
			buildRules = (
			);
			dependencies = (
			);
			name = RandomArtists;
			productName = RandomArtists;
			productReference = AAE93EDA2118D963009DD0E9 /* RandomArtists.app */;
			productType = "com.apple.product-type.application";
		};
/* End PBXNativeTarget section */

/* Begin PBXProject section */
		AAE93ED22118D963009DD0E9 /* Project object */ = {
			isa = PBXProject;
			attributes = {
				LastUpgradeCheck = 0940;
				ORGANIZATIONNAME = steve;
				TargetAttributes = {
					AAE93ED92118D963009DD0E9 = {
						CreatedOnToolsVersion = 9.4.1;
					};
				};
			};
			buildConfigurationList = AAE93ED52118D963009DD0E9 /* Build configuration list for PBXProject "RandomArtists" */;
			compatibilityVersion = "Xcode 9.3";
			developmentRegion = en;
			hasScannedForEncodings = 0;
			knownRegions = (
				en,
				Base,
			);
			mainGroup = AAE93ED12118D963009DD0E9;
			productRefGroup = AAE93EDB2118D963009DD0E9 /* Products */;
			projectDirPath = "";
			projectRoot = "";
			targets = (
				AAE93ED92118D963009DD0E9 /* RandomArtists */,
			);
		};
/* End PBXProject section */

/* Begin PBXResourcesBuildPhase section */
		AAE93ED82118D963009DD0E9 /* Resources */ = {
			isa = PBXResourcesBuildPhase;
			buildActionMask = 2147483647;
			files = (
				AAE93EEA2118D965009DD0E9 /* LaunchScreen.storyboard in Resources */,
				AAE93EE72118D965009DD0E9 /* Assets.xcassets in Resources */,
				AAE93EF62118D989009DD0E9 /* taylor_s.jpeg in Resources */,
				AAE93EFD2118D9D9009DD0E9 /* Artist.storyboard in Resources */,
				AAE93EF72118D989009DD0E9 /* justin_b.jpeg in Resources */,
				AAE93EF82118D989009DD0E9 /* iggy_p.jpeg in Resources */,
			);
			runOnlyForDeploymentPostprocessing = 0;
		};
/* End PBXResourcesBuildPhase section */

/* Begin PBXSourcesBuildPhase section */
		AAE93ED62118D963009DD0E9 /* Sources */ = {
			isa = PBXSourcesBuildPhase;
			buildActionMask = 2147483647;
			files = (
				AAE93EED2118D965009DD0E9 /* main.m in Sources */,
				AAE93F002118DA12009DD0E9 /* ArtistViewController.m in Sources */,
				AAE93F032118DA77009DD0E9 /* Artist.m in Sources */,
				AAE93EDF2118D963009DD0E9 /* AppDelegate.m in Sources */,
				AAE93F062118DB0F009DD0E9 /* ArtistManager.m in Sources */,
			);
			runOnlyForDeploymentPostprocessing = 0;
		};
/* End PBXSourcesBuildPhase section */

/* Begin PBXVariantGroup section */
		AAE93EE82118D965009DD0E9 /* LaunchScreen.storyboard */ = {
			isa = PBXVariantGroup;
			children = (
				AAE93EE92118D965009DD0E9 /* Base */,
			);
			name = LaunchScreen.storyboard;
			sourceTree = "<group>";
		};
/* End PBXVariantGroup section */

/* Begin XCBuildConfiguration section */
		AAE93EEE2118D965009DD0E9 /* Debug */ = {
			isa = XCBuildConfiguration;
			buildSettings = {
				ALWAYS_SEARCH_USER_PATHS = NO;
				CLANG_ANALYZER_NONNULL = YES;
				CLANG_ANALYZER_NUMBER_OBJECT_CONVERSION = YES_AGGRESSIVE;
				CLANG_CXX_LANGUAGE_STANDARD = "gnu++14";
				CLANG_CXX_LIBRARY = "libc++";
				CLANG_ENABLE_MODULES = YES;
				CLANG_ENABLE_OBJC_ARC = YES;
				CLANG_ENABLE_OBJC_WEAK = YES;
				CLANG_WARN_BLOCK_CAPTURE_AUTORELEASING = YES;
				CLANG_WARN_BOOL_CONVERSION = YES;
				CLANG_WARN_COMMA = YES;
				CLANG_WARN_CONSTANT_CONVERSION = YES;
				CLANG_WARN_DEPRECATED_OBJC_IMPLEMENTATIONS = YES;
				CLANG_WARN_DIRECT_OBJC_ISA_USAGE = YES_ERROR;
				CLANG_WARN_DOCUMENTATION_COMMENTS = YES;
				CLANG_WARN_EMPTY_BODY = YES;
				CLANG_WARN_ENUM_CONVERSION = YES;
				CLANG_WARN_INFINITE_RECURSION = YES;
				CLANG_WARN_INT_CONVERSION = YES;
				CLANG_WARN_NON_LITERAL_NULL_CONVERSION = YES;
				CLANG_WARN_OBJC_IMPLICIT_RETAIN_SELF = YES;
				CLANG_WARN_OBJC_LITERAL_CONVERSION = YES;
				CLANG_WARN_OBJC_ROOT_CLASS = YES_ERROR;
				CLANG_WARN_RANGE_LOOP_ANALYSIS = YES;
				CLANG_WARN_STRICT_PROTOTYPES = YES;
				CLANG_WARN_SUSPICIOUS_MOVE = YES;
				CLANG_WARN_UNGUARDED_AVAILABILITY = YES_AGGRESSIVE;
				CLANG_WARN_UNREACHABLE_CODE = YES;
				CLANG_WARN__DUPLICATE_METHOD_MATCH = YES;
				CODE_SIGN_IDENTITY = "iPhone Developer";
				COPY_PHASE_STRIP = NO;
				DEBUG_INFORMATION_FORMAT = dwarf;
				ENABLE_STRICT_OBJC_MSGSEND = YES;
				ENABLE_TESTABILITY = YES;
				GCC_C_LANGUAGE_STANDARD = gnu11;
				GCC_DYNAMIC_NO_PIC = NO;
				GCC_NO_COMMON_BLOCKS = YES;
				GCC_OPTIMIZATION_LEVEL = 0;
				GCC_PREPROCESSOR_DEFINITIONS = (
					"DEBUG=1",
					"$(inherited)",
				);
				GCC_WARN_64_TO_32_BIT_CONVERSION = YES;
				GCC_WARN_ABOUT_RETURN_TYPE = YES_ERROR;
				GCC_WARN_UNDECLARED_SELECTOR = YES;
				GCC_WARN_UNINITIALIZED_AUTOS = YES_AGGRESSIVE;
				GCC_WARN_UNUSED_FUNCTION = YES;
				GCC_WARN_UNUSED_VARIABLE = YES;
				IPHONEOS_DEPLOYMENT_TARGET = 11.4;
				MTL_ENABLE_DEBUG_INFO = YES;
				ONLY_ACTIVE_ARCH = YES;
				SDKROOT = iphoneos;
			};
			name = Debug;
		};
		AAE93EEF2118D965009DD0E9 /* Release */ = {
			isa = XCBuildConfiguration;
			buildSettings = {
				ALWAYS_SEARCH_USER_PATHS = NO;
				CLANG_ANALYZER_NONNULL = YES;
				CLANG_ANALYZER_NUMBER_OBJECT_CONVERSION = YES_AGGRESSIVE;
				CLANG_CXX_LANGUAGE_STANDARD = "gnu++14";
				CLANG_CXX_LIBRARY = "libc++";
				CLANG_ENABLE_MODULES = YES;
				CLANG_ENABLE_OBJC_ARC = YES;
				CLANG_ENABLE_OBJC_WEAK = YES;
				CLANG_WARN_BLOCK_CAPTURE_AUTORELEASING = YES;
				CLANG_WARN_BOOL_CONVERSION = YES;
				CLANG_WARN_COMMA = YES;
				CLANG_WARN_CONSTANT_CONVERSION = YES;
				CLANG_WARN_DEPRECATED_OBJC_IMPLEMENTATIONS = YES;
				CLANG_WARN_DIRECT_OBJC_ISA_USAGE = YES_ERROR;
				CLANG_WARN_DOCUMENTATION_COMMENTS = YES;
				CLANG_WARN_EMPTY_BODY = YES;
				CLANG_WARN_ENUM_CONVERSION = YES;
				CLANG_WARN_INFINITE_RECURSION = YES;
				CLANG_WARN_INT_CONVERSION = YES;
				CLANG_WARN_NON_LITERAL_NULL_CONVERSION = YES;
				CLANG_WARN_OBJC_IMPLICIT_RETAIN_SELF = YES;
				CLANG_WARN_OBJC_LITERAL_CONVERSION = YES;
				CLANG_WARN_OBJC_ROOT_CLASS = YES_ERROR;
				CLANG_WARN_RANGE_LOOP_ANALYSIS = YES;
				CLANG_WARN_STRICT_PROTOTYPES = YES;
				CLANG_WARN_SUSPICIOUS_MOVE = YES;
				CLANG_WARN_UNGUARDED_AVAILABILITY = YES_AGGRESSIVE;
				CLANG_WARN_UNREACHABLE_CODE = YES;
				CLANG_WARN__DUPLICATE_METHOD_MATCH = YES;
				CODE_SIGN_IDENTITY = "iPhone Developer";
				COPY_PHASE_STRIP = NO;
				DEBUG_INFORMATION_FORMAT = "dwarf-with-dsym";
				ENABLE_NS_ASSERTIONS = NO;
				ENABLE_STRICT_OBJC_MSGSEND = YES;
				GCC_C_LANGUAGE_STANDARD = gnu11;
				GCC_NO_COMMON_BLOCKS = YES;
				GCC_WARN_64_TO_32_BIT_CONVERSION = YES;
				GCC_WARN_ABOUT_RETURN_TYPE = YES_ERROR;
				GCC_WARN_UNDECLARED_SELECTOR = YES;
				GCC_WARN_UNINITIALIZED_AUTOS = YES_AGGRESSIVE;
				GCC_WARN_UNUSED_FUNCTION = YES;
				GCC_WARN_UNUSED_VARIABLE = YES;
				IPHONEOS_DEPLOYMENT_TARGET = 11.4;
				MTL_ENABLE_DEBUG_INFO = NO;
				SDKROOT = iphoneos;
				VALIDATE_PRODUCT = YES;
			};
			name = Release;
		};
		AAE93EF12118D965009DD0E9 /* Debug */ = {
			isa = XCBuildConfiguration;
			buildSettings = {
				ASSETCATALOG_COMPILER_APPICON_NAME = AppIcon;
				CODE_SIGN_STYLE = Automatic;
				DEVELOPMENT_TEAM = 6D3DA9G4XW;
				INFOPLIST_FILE = RandomArtists/Info.plist;
				LD_RUNPATH_SEARCH_PATHS = (
					"$(inherited)",
					"@executable_path/Frameworks",
				);
				PRODUCT_BUNDLE_IDENTIFIER = com.cocoanutmobile.RandomArtists;
				PRODUCT_NAME = "$(TARGET_NAME)";
				TARGETED_DEVICE_FAMILY = "1,2";
			};
			name = Debug;
		};
		AAE93EF22118D965009DD0E9 /* Release */ = {
			isa = XCBuildConfiguration;
			buildSettings = {
				ASSETCATALOG_COMPILER_APPICON_NAME = AppIcon;
				CODE_SIGN_STYLE = Automatic;
				DEVELOPMENT_TEAM = 6D3DA9G4XW;
				INFOPLIST_FILE = RandomArtists/Info.plist;
				LD_RUNPATH_SEARCH_PATHS = (
					"$(inherited)",
					"@executable_path/Frameworks",
				);
				PRODUCT_BUNDLE_IDENTIFIER = com.cocoanutmobile.RandomArtists;
				PRODUCT_NAME = "$(TARGET_NAME)";
				TARGETED_DEVICE_FAMILY = "1,2";
			};
			name = Release;
		};
/* End XCBuildConfiguration section */

/* Begin XCConfigurationList section */
		AAE93ED52118D963009DD0E9 /* Build configuration list for PBXProject "RandomArtists" */ = {
			isa = XCConfigurationList;
			buildConfigurations = (
				AAE93EEE2118D965009DD0E9 /* Debug */,
				AAE93EEF2118D965009DD0E9 /* Release */,
			);
			defaultConfigurationIsVisible = 0;
			defaultConfigurationName = Release;
		};
		AAE93EF02118D965009DD0E9 /* Build configuration list for PBXNativeTarget "RandomArtists" */ = {
			isa = XCConfigurationList;
			buildConfigurations = (
				AAE93EF12118D965009DD0E9 /* Debug */,
				AAE93EF22118D965009DD0E9 /* Release */,
			);
			defaultConfigurationIsVisible = 0;
			defaultConfigurationName = Release;
		};
/* End XCConfigurationList section */
	};
	rootObject = AAE93ED22118D963009DD0E9 /* Project object */;
}
