// !$*UTF8*$!
{
	archiveVersion = 1;
	classes = {
	};
	objectVersion = 50;
	objects = {

/* Begin PBXBuildFile section */
		77254315229E6A0A00BEE082 /* Cat.m in Sources */ = {isa = PBXBuildFile; fileRef = 77254314229E6A0A00BEE082 /* Cat.m */; };
		777B4981229E579B006EB00F /* main.m in Sources */ = {isa = PBXBuildFile; fileRef = 777B4980229E579B006EB00F /* main.m */; };
		777B4988229E5ABE006EB00F /* Mammal.m in Sources */ = {isa = PBXBuildFile; fileRef = 777B4987229E5ABE006EB00F /* Mammal.m */; };
		777B498B229E5FA1006EB00F /* Dog.m in Sources */ = {isa = PBXBuildFile; fileRef = 777B498A229E5FA1006EB00F /* Dog.m */; };
/* End PBXBuildFile section */

/* Begin PBXCopyFilesBuildPhase section */
		777B497B229E579B006EB00F /* CopyFiles */ = {
			isa = PBXCopyFilesBuildPhase;
			buildActionMask = 2147483647;
			dstPath = /usr/share/man/man1/;
			dstSubfolderSpec = 0;
			files = (
			);
			runOnlyForDeploymentPostprocessing = 1;
		};
/* End PBXCopyFilesBuildPhase section */

/* Begin PBXFileReference section */
		77254313229E69B100BEE082 /* Cat.h */ = {isa = PBXFileReference; lastKnownFileType = sourcecode.c.h; path = Cat.h; sourceTree = "<group>"; };
		77254314229E6A0A00BEE082 /* Cat.m */ = {isa = PBXFileReference; lastKnownFileType = sourcecode.c.objc; path = Cat.m; sourceTree = "<group>"; };
		777B497D229E579B006EB00F /* W1D3-CustomInits */ = {isa = PBXFileReference; explicitFileType = "compiled.mach-o.executable"; includeInIndex = 0; path = "W1D3-CustomInits"; sourceTree = BUILT_PRODUCTS_DIR; };
		777B4980229E579B006EB00F /* main.m */ = {isa = PBXFileReference; lastKnownFileType = sourcecode.c.objc; path = main.m; sourceTree = "<group>"; };
		777B4987229E5ABE006EB00F /* Mammal.m */ = {isa = PBXFileReference; lastKnownFileType = sourcecode.c.objc; path = Mammal.m; sourceTree = "<group>"; };
		777B4989229E5C7C006EB00F /* Mammal.h */ = {isa = PBXFileReference; lastKnownFileType = sourcecode.c.h; path = Mammal.h; sourceTree = "<group>"; };
		777B498A229E5FA1006EB00F /* Dog.m */ = {isa = PBXFileReference; lastKnownFileType = sourcecode.c.objc; path = Dog.m; sourceTree = "<group>"; };
		777B498C229E6109006EB00F /* Dog.h */ = {isa = PBXFileReference; lastKnownFileType = sourcecode.c.h; path = Dog.h; sourceTree = "<group>"; };
/* End PBXFileReference section */

/* Begin PBXFrameworksBuildPhase section */
		777B497A229E579B006EB00F /* Frameworks */ = {
			isa = PBXFrameworksBuildPhase;
			buildActionMask = 2147483647;
			files = (
			);
			runOnlyForDeploymentPostprocessing = 0;
		};
/* End PBXFrameworksBuildPhase section */

/* Begin PBXGroup section */
		777B4974229E579B006EB00F = {
			isa = PBXGroup;
			children = (
				777B497F229E579B006EB00F /* W1D3-CustomInits */,
				777B497E229E579B006EB00F /* Products */,
			);
			sourceTree = "<group>";
		};
		777B497E229E579B006EB00F /* Products */ = {
			isa = PBXGroup;
			children = (
				777B497D229E579B006EB00F /* W1D3-CustomInits */,
			);
			name = Products;
			sourceTree = "<group>";
		};
		777B497F229E579B006EB00F /* W1D3-CustomInits */ = {
			isa = PBXGroup;
			children = (
				777B4980229E579B006EB00F /* main.m */,
				777B4989229E5C7C006EB00F /* Mammal.h */,
				777B4987229E5ABE006EB00F /* Mammal.m */,
				777B498C229E6109006EB00F /* Dog.h */,
				777B498A229E5FA1006EB00F /* Dog.m */,
				77254313229E69B100BEE082 /* Cat.h */,
				77254314229E6A0A00BEE082 /* Cat.m */,
			);
			path = "W1D3-CustomInits";
			sourceTree = "<group>";
		};
/* End PBXGroup section */

/* Begin PBXNativeTarget section */
		777B497C229E579B006EB00F /* W1D3-CustomInits */ = {
			isa = PBXNativeTarget;
			buildConfigurationList = 777B4984229E579B006EB00F /* Build configuration list for PBXNativeTarget "W1D3-CustomInits" */;
			buildPhases = (
				777B4979229E579B006EB00F /* Sources */,
				777B497A229E579B006EB00F /* Frameworks */,
				777B497B229E579B006EB00F /* CopyFiles */,
			);
			buildRules = (
			);
			dependencies = (
			);
			name = "W1D3-CustomInits";
			productName = "W1D3-CustomInits";
			productReference = 777B497D229E579B006EB00F /* W1D3-CustomInits */;
			productType = "com.apple.product-type.tool";
		};
/* End PBXNativeTarget section */

/* Begin PBXProject section */
		777B4975229E579B006EB00F /* Project object */ = {
			isa = PBXProject;
			attributes = {
				LastUpgradeCheck = 1020;
				ORGANIZATIONNAME = "Massimo Savino";
				TargetAttributes = {
					777B497C229E579B006EB00F = {
						CreatedOnToolsVersion = 10.2.1;
					};
				};
			};
			buildConfigurationList = 777B4978229E579B006EB00F /* Build configuration list for PBXProject "W1D3-CustomInits" */;
			compatibilityVersion = "Xcode 9.3";
			developmentRegion = en;
			hasScannedForEncodings = 0;
			knownRegions = (
				en,
			);
			mainGroup = 777B4974229E579B006EB00F;
			productRefGroup = 777B497E229E579B006EB00F /* Products */;
			projectDirPath = "";
			projectRoot = "";
			targets = (
				777B497C229E579B006EB00F /* W1D3-CustomInits */,
			);
		};
/* End PBXProject section */

/* Begin PBXSourcesBuildPhase section */
		777B4979229E579B006EB00F /* Sources */ = {
			isa = PBXSourcesBuildPhase;
			buildActionMask = 2147483647;
			files = (
				77254315229E6A0A00BEE082 /* Cat.m in Sources */,
				777B498B229E5FA1006EB00F /* Dog.m in Sources */,
				777B4988229E5ABE006EB00F /* Mammal.m in Sources */,
				777B4981229E579B006EB00F /* main.m in Sources */,
			);
			runOnlyForDeploymentPostprocessing = 0;
		};
/* End PBXSourcesBuildPhase section */

/* Begin XCBuildConfiguration section */
		777B4982229E579B006EB00F /* Debug */ = {
			isa = XCBuildConfiguration;
			buildSettings = {
				ALWAYS_SEARCH_USER_PATHS = NO;
				CLANG_ANALYZER_NONNULL = YES;
				CLANG_ANALYZER_NUMBER_OBJECT_CONVERSION = YES_AGGRESSIVE;
				CLANG_CXX_LANGUAGE_STANDARD = "gnu++14";
				CLANG_CXX_LIBRARY = "libc++";
				CLANG_ENABLE_MODULES = YES;
				CLANG_ENABLE_OBJC_ARC = YES;
				CLANG_ENABLE_OBJC_WEAK = YES;
				CLANG_WARN_BLOCK_CAPTURE_AUTORELEASING = YES;
				CLANG_WARN_BOOL_CONVERSION = YES;
				CLANG_WARN_COMMA = YES;
				CLANG_WARN_CONSTANT_CONVERSION = YES;
				CLANG_WARN_DEPRECATED_OBJC_IMPLEMENTATIONS = YES;
				CLANG_WARN_DIRECT_OBJC_ISA_USAGE = YES_ERROR;
				CLANG_WARN_DOCUMENTATION_COMMENTS = YES;
				CLANG_WARN_EMPTY_BODY = YES;
				CLANG_WARN_ENUM_CONVERSION = YES;
				CLANG_WARN_INFINITE_RECURSION = YES;
				CLANG_WARN_INT_CONVERSION = YES;
				CLANG_WARN_NON_LITERAL_NULL_CONVERSION = YES;
				CLANG_WARN_OBJC_IMPLICIT_RETAIN_SELF = YES;
				CLANG_WARN_OBJC_LITERAL_CONVERSION = YES;
				CLANG_WARN_OBJC_ROOT_CLASS = YES_ERROR;
				CLANG_WARN_RANGE_LOOP_ANALYSIS = YES;
				CLANG_WARN_STRICT_PROTOTYPES = YES;
				CLANG_WARN_SUSPICIOUS_MOVE = YES;
				CLANG_WARN_UNGUARDED_AVAILABILITY = YES_AGGRESSIVE;
				CLANG_WARN_UNREACHABLE_CODE = YES;
				CLANG_WARN__DUPLICATE_METHOD_MATCH = YES;
				CODE_SIGN_IDENTITY = "Mac Developer";
				COPY_PHASE_STRIP = NO;
				DEBUG_INFORMATION_FORMAT = dwarf;
				ENABLE_STRICT_OBJC_MSGSEND = YES;
				ENABLE_TESTABILITY = YES;
				GCC_C_LANGUAGE_STANDARD = gnu11;
				GCC_DYNAMIC_NO_PIC = NO;
				GCC_NO_COMMON_BLOCKS = YES;
				GCC_OPTIMIZATION_LEVEL = 0;
				GCC_PREPROCESSOR_DEFINITIONS = (
					"DEBUG=1",
					"$(inherited)",
				);
				GCC_WARN_64_TO_32_BIT_CONVERSION = YES;
				GCC_WARN_ABOUT_RETURN_TYPE = YES_ERROR;
				GCC_WARN_UNDECLARED_SELECTOR = YES;
				GCC_WARN_UNINITIALIZED_AUTOS = YES_AGGRESSIVE;
				GCC_WARN_UNUSED_FUNCTION = YES;
				GCC_WARN_UNUSED_VARIABLE = YES;
				MACOSX_DEPLOYMENT_TARGET = 10.14;
				MTL_ENABLE_DEBUG_INFO = INCLUDE_SOURCE;
				MTL_FAST_MATH = YES;
				ONLY_ACTIVE_ARCH = YES;
				SDKROOT = macosx;
			};
			name = Debug;
		};
		777B4983229E579B006EB00F /* Release */ = {
			isa = XCBuildConfiguration;
			buildSettings = {
				ALWAYS_SEARCH_USER_PATHS = NO;
				CLANG_ANALYZER_NONNULL = YES;
				CLANG_ANALYZER_NUMBER_OBJECT_CONVERSION = YES_AGGRESSIVE;
				CLANG_CXX_LANGUAGE_STANDARD = "gnu++14";
				CLANG_CXX_LIBRARY = "libc++";
				CLANG_ENABLE_MODULES = YES;
				CLANG_ENABLE_OBJC_ARC = YES;
				CLANG_ENABLE_OBJC_WEAK = YES;
				CLANG_WARN_BLOCK_CAPTURE_AUTORELEASING = YES;
				CLANG_WARN_BOOL_CONVERSION = YES;
				CLANG_WARN_COMMA = YES;
				CLANG_WARN_CONSTANT_CONVERSION = YES;
				CLANG_WARN_DEPRECATED_OBJC_IMPLEMENTATIONS = YES;
				CLANG_WARN_DIRECT_OBJC_ISA_USAGE = YES_ERROR;
				CLANG_WARN_DOCUMENTATION_COMMENTS = YES;
				CLANG_WARN_EMPTY_BODY = YES;
				CLANG_WARN_ENUM_CONVERSION = YES;
				CLANG_WARN_INFINITE_RECURSION = YES;
				CLANG_WARN_INT_CONVERSION = YES;
				CLANG_WARN_NON_LITERAL_NULL_CONVERSION = YES;
				CLANG_WARN_OBJC_IMPLICIT_RETAIN_SELF = YES;
				CLANG_WARN_OBJC_LITERAL_CONVERSION = YES;
				CLANG_WARN_OBJC_ROOT_CLASS = YES_ERROR;
				CLANG_WARN_RANGE_LOOP_ANALYSIS = YES;
				CLANG_WARN_STRICT_PROTOTYPES = YES;
				CLANG_WARN_SUSPICIOUS_MOVE = YES;
				CLANG_WARN_UNGUARDED_AVAILABILITY = YES_AGGRESSIVE;
				CLANG_WARN_UNREACHABLE_CODE = YES;
				CLANG_WARN__DUPLICATE_METHOD_MATCH = YES;
				CODE_SIGN_IDENTITY = "Mac Developer";
				COPY_PHASE_STRIP = NO;
				DEBUG_INFORMATION_FORMAT = "dwarf-with-dsym";
				ENABLE_NS_ASSERTIONS = NO;
				ENABLE_STRICT_OBJC_MSGSEND = YES;
				GCC_C_LANGUAGE_STANDARD = gnu11;
				GCC_NO_COMMON_BLOCKS = YES;
				GCC_WARN_64_TO_32_BIT_CONVERSION = YES;
				GCC_WARN_ABOUT_RETURN_TYPE = YES_ERROR;
				GCC_WARN_UNDECLARED_SELECTOR = YES;
				GCC_WARN_UNINITIALIZED_AUTOS = YES_AGGRESSIVE;
				GCC_WARN_UNUSED_FUNCTION = YES;
				GCC_WARN_UNUSED_VARIABLE = YES;
				MACOSX_DEPLOYMENT_TARGET = 10.14;
				MTL_ENABLE_DEBUG_INFO = NO;
				MTL_FAST_MATH = YES;
				SDKROOT = macosx;
			};
			name = Release;
		};
		777B4985229E579B006EB00F /* Debug */ = {
			isa = XCBuildConfiguration;
			buildSettings = {
				CODE_SIGN_STYLE = Automatic;
				DEVELOPMENT_TEAM = HDMN82H87M;
				PRODUCT_NAME = "$(TARGET_NAME)";
			};
			name = Debug;
		};
		777B4986229E579B006EB00F /* Release */ = {
			isa = XCBuildConfiguration;
			buildSettings = {
				CODE_SIGN_STYLE = Automatic;
				DEVELOPMENT_TEAM = HDMN82H87M;
				PRODUCT_NAME = "$(TARGET_NAME)";
			};
			name = Release;
		};
/* End XCBuildConfiguration section */

/* Begin XCConfigurationList section */
		777B4978229E579B006EB00F /* Build configuration list for PBXProject "W1D3-CustomInits" */ = {
			isa = XCConfigurationList;
			buildConfigurations = (
				777B4982229E579B006EB00F /* Debug */,
				777B4983229E579B006EB00F /* Release */,
			);
			defaultConfigurationIsVisible = 0;
			defaultConfigurationName = Release;
		};
		777B4984229E579B006EB00F /* Build configuration list for PBXNativeTarget "W1D3-CustomInits" */ = {
			isa = XCConfigurationList;
			buildConfigurations = (
				777B4985229E579B006EB00F /* Debug */,
				777B4986229E579B006EB00F /* Release */,
			);
			defaultConfigurationIsVisible = 0;
			defaultConfigurationName = Release;
		};
/* End XCConfigurationList section */
	};
	rootObject = 777B4975229E579B006EB00F /* Project object */;
}
