// !$*UTF8*$!
{
	archiveVersion = 1;
	classes = {
	};
	objectVersion = 50;
	objects = {

/* Begin PBXBuildFile section */
		2A0D05BA21EF9C8B007C87D2 /* AppDelegate.m in Sources */ = {isa = PBXBuildFile; fileRef = 2A0D05B921EF9C8B007C87D2 /* AppDelegate.m */; };
		2A0D05BD21EF9C8B007C87D2 /* FirstViewController.m in Sources */ = {isa = PBXBuildFile; fileRef = 2A0D05BC21EF9C8B007C87D2 /* FirstViewController.m */; };
		2A0D05C021EF9C8B007C87D2 /* Main.storyboard in Resources */ = {isa = PBXBuildFile; fileRef = 2A0D05BE21EF9C8B007C87D2 /* Main.storyboard */; };
		2A0D05C221EF9C8D007C87D2 /* Assets.xcassets in Resources */ = {isa = PBXBuildFile; fileRef = 2A0D05C121EF9C8D007C87D2 /* Assets.xcassets */; };
		2A0D05C521EF9C8D007C87D2 /* LaunchScreen.storyboard in Resources */ = {isa = PBXBuildFile; fileRef = 2A0D05C321EF9C8D007C87D2 /* LaunchScreen.storyboard */; };
		2A0D05C821EF9C8D007C87D2 /* main.m in Sources */ = {isa = PBXBuildFile; fileRef = 2A0D05C721EF9C8D007C87D2 /* main.m */; };
		2A5B3C9D21EFB2340097372F /* SecondViewController.m in Sources */ = {isa = PBXBuildFile; fileRef = 2A5B3C9C21EFB2340097372F /* SecondViewController.m */; };
		2A5B3CA021EFB3AF0097372F /* ThirdViewController.m in Sources */ = {isa = PBXBuildFile; fileRef = 2A5B3C9F21EFB3AF0097372F /* ThirdViewController.m */; };
/* End PBXBuildFile section */

/* Begin PBXFileReference section */
		2A0D05B521EF9C8B007C87D2 /* InterfaceBuilder.app */ = {isa = PBXFileReference; explicitFileType = wrapper.application; includeInIndex = 0; path = InterfaceBuilder.app; sourceTree = BUILT_PRODUCTS_DIR; };
		2A0D05B821EF9C8B007C87D2 /* AppDelegate.h */ = {isa = PBXFileReference; lastKnownFileType = sourcecode.c.h; path = AppDelegate.h; sourceTree = "<group>"; };
		2A0D05B921EF9C8B007C87D2 /* AppDelegate.m */ = {isa = PBXFileReference; lastKnownFileType = sourcecode.c.objc; path = AppDelegate.m; sourceTree = "<group>"; };
		2A0D05BB21EF9C8B007C87D2 /* FirstViewController.h */ = {isa = PBXFileReference; lastKnownFileType = sourcecode.c.h; path = FirstViewController.h; sourceTree = "<group>"; };
		2A0D05BC21EF9C8B007C87D2 /* FirstViewController.m */ = {isa = PBXFileReference; lastKnownFileType = sourcecode.c.objc; path = FirstViewController.m; sourceTree = "<group>"; };
		2A0D05BF21EF9C8B007C87D2 /* Base */ = {isa = PBXFileReference; lastKnownFileType = file.storyboard; name = Base; path = Base.lproj/Main.storyboard; sourceTree = "<group>"; };
		2A0D05C121EF9C8D007C87D2 /* Assets.xcassets */ = {isa = PBXFileReference; lastKnownFileType = folder.assetcatalog; path = Assets.xcassets; sourceTree = "<group>"; };
		2A0D05C421EF9C8D007C87D2 /* Base */ = {isa = PBXFileReference; lastKnownFileType = file.storyboard; name = Base; path = Base.lproj/LaunchScreen.storyboard; sourceTree = "<group>"; };
		2A0D05C621EF9C8D007C87D2 /* Info.plist */ = {isa = PBXFileReference; lastKnownFileType = text.plist.xml; path = Info.plist; sourceTree = "<group>"; };
		2A0D05C721EF9C8D007C87D2 /* main.m */ = {isa = PBXFileReference; lastKnownFileType = sourcecode.c.objc; path = main.m; sourceTree = "<group>"; };
		2A5B3C9B21EFB2340097372F /* SecondViewController.h */ = {isa = PBXFileReference; lastKnownFileType = sourcecode.c.h; path = SecondViewController.h; sourceTree = "<group>"; };
		2A5B3C9C21EFB2340097372F /* SecondViewController.m */ = {isa = PBXFileReference; lastKnownFileType = sourcecode.c.objc; path = SecondViewController.m; sourceTree = "<group>"; };
		2A5B3C9E21EFB3AF0097372F /* ThirdViewController.h */ = {isa = PBXFileReference; lastKnownFileType = sourcecode.c.h; path = ThirdViewController.h; sourceTree = "<group>"; };
		2A5B3C9F21EFB3AF0097372F /* ThirdViewController.m */ = {isa = PBXFileReference; lastKnownFileType = sourcecode.c.objc; path = ThirdViewController.m; sourceTree = "<group>"; };
/* End PBXFileReference section */

/* Begin PBXFrameworksBuildPhase section */
		2A0D05B221EF9C8B007C87D2 /* Frameworks */ = {
			isa = PBXFrameworksBuildPhase;
			buildActionMask = 2147483647;
			files = (
			);
			runOnlyForDeploymentPostprocessing = 0;
		};
/* End PBXFrameworksBuildPhase section */

/* Begin PBXGroup section */
		2A0D05AC21EF9C8B007C87D2 = {
			isa = PBXGroup;
			children = (
				2A0D05B721EF9C8B007C87D2 /* InterfaceBuilder */,
				2A0D05B621EF9C8B007C87D2 /* Products */,
			);
			sourceTree = "<group>";
		};
		2A0D05B621EF9C8B007C87D2 /* Products */ = {
			isa = PBXGroup;
			children = (
				2A0D05B521EF9C8B007C87D2 /* InterfaceBuilder.app */,
			);
			name = Products;
			sourceTree = "<group>";
		};
		2A0D05B721EF9C8B007C87D2 /* InterfaceBuilder */ = {
			isa = PBXGroup;
			children = (
				2A0D05B821EF9C8B007C87D2 /* AppDelegate.h */,
				2A0D05B921EF9C8B007C87D2 /* AppDelegate.m */,
				2A0D05BB21EF9C8B007C87D2 /* FirstViewController.h */,
				2A0D05BC21EF9C8B007C87D2 /* FirstViewController.m */,
				2A5B3C9B21EFB2340097372F /* SecondViewController.h */,
				2A5B3C9C21EFB2340097372F /* SecondViewController.m */,
				2A5B3C9E21EFB3AF0097372F /* ThirdViewController.h */,
				2A5B3C9F21EFB3AF0097372F /* ThirdViewController.m */,
				2A0D05BE21EF9C8B007C87D2 /* Main.storyboard */,
				2A0D05C121EF9C8D007C87D2 /* Assets.xcassets */,
				2A0D05C321EF9C8D007C87D2 /* LaunchScreen.storyboard */,
				2A0D05C621EF9C8D007C87D2 /* Info.plist */,
				2A0D05C721EF9C8D007C87D2 /* main.m */,
			);
			path = InterfaceBuilder;
			sourceTree = "<group>";
		};
/* End PBXGroup section */

/* Begin PBXNativeTarget section */
		2A0D05B421EF9C8B007C87D2 /* InterfaceBuilder */ = {
			isa = PBXNativeTarget;
			buildConfigurationList = 2A0D05CB21EF9C8D007C87D2 /* Build configuration list for PBXNativeTarget "InterfaceBuilder" */;
			buildPhases = (
				2A0D05B121EF9C8B007C87D2 /* Sources */,
				2A0D05B221EF9C8B007C87D2 /* Frameworks */,
				2A0D05B321EF9C8B007C87D2 /* Resources */,
			);
			buildRules = (
			);
			dependencies = (
			);
			name = InterfaceBuilder;
			productName = InterfaceBuilder;
			productReference = 2A0D05B521EF9C8B007C87D2 /* InterfaceBuilder.app */;
			productType = "com.apple.product-type.application";
		};
/* End PBXNativeTarget section */

/* Begin PBXProject section */
		2A0D05AD21EF9C8B007C87D2 /* Project object */ = {
			isa = PBXProject;
			attributes = {
				LastUpgradeCheck = 1010;
				ORGANIZATIONNAME = "Game of Apps";
				TargetAttributes = {
					2A0D05B421EF9C8B007C87D2 = {
						CreatedOnToolsVersion = 10.1;
					};
				};
			};
			buildConfigurationList = 2A0D05B021EF9C8B007C87D2 /* Build configuration list for PBXProject "InterfaceBuilder" */;
			compatibilityVersion = "Xcode 9.3";
			developmentRegion = en;
			hasScannedForEncodings = 0;
			knownRegions = (
				en,
				Base,
			);
			mainGroup = 2A0D05AC21EF9C8B007C87D2;
			productRefGroup = 2A0D05B621EF9C8B007C87D2 /* Products */;
			projectDirPath = "";
			projectRoot = "";
			targets = (
				2A0D05B421EF9C8B007C87D2 /* InterfaceBuilder */,
			);
		};
/* End PBXProject section */

/* Begin PBXResourcesBuildPhase section */
		2A0D05B321EF9C8B007C87D2 /* Resources */ = {
			isa = PBXResourcesBuildPhase;
			buildActionMask = 2147483647;
			files = (
				2A0D05C521EF9C8D007C87D2 /* LaunchScreen.storyboard in Resources */,
				2A0D05C221EF9C8D007C87D2 /* Assets.xcassets in Resources */,
				2A0D05C021EF9C8B007C87D2 /* Main.storyboard in Resources */,
			);
			runOnlyForDeploymentPostprocessing = 0;
		};
/* End PBXResourcesBuildPhase section */

/* Begin PBXSourcesBuildPhase section */
		2A0D05B121EF9C8B007C87D2 /* Sources */ = {
			isa = PBXSourcesBuildPhase;
			buildActionMask = 2147483647;
			files = (
				2A5B3C9D21EFB2340097372F /* SecondViewController.m in Sources */,
				2A5B3CA021EFB3AF0097372F /* ThirdViewController.m in Sources */,
				2A0D05BD21EF9C8B007C87D2 /* FirstViewController.m in Sources */,
				2A0D05C821EF9C8D007C87D2 /* main.m in Sources */,
				2A0D05BA21EF9C8B007C87D2 /* AppDelegate.m in Sources */,
			);
			runOnlyForDeploymentPostprocessing = 0;
		};
/* End PBXSourcesBuildPhase section */

/* Begin PBXVariantGroup section */
		2A0D05BE21EF9C8B007C87D2 /* Main.storyboard */ = {
			isa = PBXVariantGroup;
			children = (
				2A0D05BF21EF9C8B007C87D2 /* Base */,
			);
			name = Main.storyboard;
			sourceTree = "<group>";
		};
		2A0D05C321EF9C8D007C87D2 /* LaunchScreen.storyboard */ = {
			isa = PBXVariantGroup;
			children = (
				2A0D05C421EF9C8D007C87D2 /* Base */,
			);
			name = LaunchScreen.storyboard;
			sourceTree = "<group>";
		};
/* End PBXVariantGroup section */

/* Begin XCBuildConfiguration section */
		2A0D05C921EF9C8D007C87D2 /* Debug */ = {
			isa = XCBuildConfiguration;
			buildSettings = {
				ALWAYS_SEARCH_USER_PATHS = NO;
				CLANG_ANALYZER_NONNULL = YES;
				CLANG_ANALYZER_NUMBER_OBJECT_CONVERSION = YES_AGGRESSIVE;
				CLANG_CXX_LANGUAGE_STANDARD = "gnu++14";
				CLANG_CXX_LIBRARY = "libc++";
				CLANG_ENABLE_MODULES = YES;
				CLANG_ENABLE_OBJC_ARC = YES;
				CLANG_ENABLE_OBJC_WEAK = YES;
				CLANG_WARN_BLOCK_CAPTURE_AUTORELEASING = YES;
				CLANG_WARN_BOOL_CONVERSION = YES;
				CLANG_WARN_COMMA = YES;
				CLANG_WARN_CONSTANT_CONVERSION = YES;
				CLANG_WARN_DEPRECATED_OBJC_IMPLEMENTATIONS = YES;
				CLANG_WARN_DIRECT_OBJC_ISA_USAGE = YES_ERROR;
				CLANG_WARN_DOCUMENTATION_COMMENTS = YES;
				CLANG_WARN_EMPTY_BODY = YES;
				CLANG_WARN_ENUM_CONVERSION = YES;
				CLANG_WARN_INFINITE_RECURSION = YES;
				CLANG_WARN_INT_CONVERSION = YES;
				CLANG_WARN_NON_LITERAL_NULL_CONVERSION = YES;
				CLANG_WARN_OBJC_IMPLICIT_RETAIN_SELF = YES;
				CLANG_WARN_OBJC_LITERAL_CONVERSION = YES;
				CLANG_WARN_OBJC_ROOT_CLASS = YES_ERROR;
				CLANG_WARN_RANGE_LOOP_ANALYSIS = YES;
				CLANG_WARN_STRICT_PROTOTYPES = YES;
				CLANG_WARN_SUSPICIOUS_MOVE = YES;
				CLANG_WARN_UNGUARDED_AVAILABILITY = YES_AGGRESSIVE;
				CLANG_WARN_UNREACHABLE_CODE = YES;
				CLANG_WARN__DUPLICATE_METHOD_MATCH = YES;
				CODE_SIGN_IDENTITY = "iPhone Developer";
				COPY_PHASE_STRIP = NO;
				DEBUG_INFORMATION_FORMAT = dwarf;
				ENABLE_STRICT_OBJC_MSGSEND = YES;
				ENABLE_TESTABILITY = YES;
				GCC_C_LANGUAGE_STANDARD = gnu11;
				GCC_DYNAMIC_NO_PIC = NO;
				GCC_NO_COMMON_BLOCKS = YES;
				GCC_OPTIMIZATION_LEVEL = 0;
				GCC_PREPROCESSOR_DEFINITIONS = (
					"DEBUG=1",
					"$(inherited)",
				);
				GCC_WARN_64_TO_32_BIT_CONVERSION = YES;
				GCC_WARN_ABOUT_RETURN_TYPE = YES_ERROR;
				GCC_WARN_UNDECLARED_SELECTOR = YES;
				GCC_WARN_UNINITIALIZED_AUTOS = YES_AGGRESSIVE;
				GCC_WARN_UNUSED_FUNCTION = YES;
				GCC_WARN_UNUSED_VARIABLE = YES;
				IPHONEOS_DEPLOYMENT_TARGET = 12.1;
				MTL_ENABLE_DEBUG_INFO = INCLUDE_SOURCE;
				MTL_FAST_MATH = YES;
				ONLY_ACTIVE_ARCH = YES;
				SDKROOT = iphoneos;
			};
			name = Debug;
		};
		2A0D05CA21EF9C8D007C87D2 /* Release */ = {
			isa = XCBuildConfiguration;
			buildSettings = {
				ALWAYS_SEARCH_USER_PATHS = NO;
				CLANG_ANALYZER_NONNULL = YES;
				CLANG_ANALYZER_NUMBER_OBJECT_CONVERSION = YES_AGGRESSIVE;
				CLANG_CXX_LANGUAGE_STANDARD = "gnu++14";
				CLANG_CXX_LIBRARY = "libc++";
				CLANG_ENABLE_MODULES = YES;
				CLANG_ENABLE_OBJC_ARC = YES;
				CLANG_ENABLE_OBJC_WEAK = YES;
				CLANG_WARN_BLOCK_CAPTURE_AUTORELEASING = YES;
				CLANG_WARN_BOOL_CONVERSION = YES;
				CLANG_WARN_COMMA = YES;
				CLANG_WARN_CONSTANT_CONVERSION = YES;
				CLANG_WARN_DEPRECATED_OBJC_IMPLEMENTATIONS = YES;
				CLANG_WARN_DIRECT_OBJC_ISA_USAGE = YES_ERROR;
				CLANG_WARN_DOCUMENTATION_COMMENTS = YES;
				CLANG_WARN_EMPTY_BODY = YES;
				CLANG_WARN_ENUM_CONVERSION = YES;
				CLANG_WARN_INFINITE_RECURSION = YES;
				CLANG_WARN_INT_CONVERSION = YES;
				CLANG_WARN_NON_LITERAL_NULL_CONVERSION = YES;
				CLANG_WARN_OBJC_IMPLICIT_RETAIN_SELF = YES;
				CLANG_WARN_OBJC_LITERAL_CONVERSION = YES;
				CLANG_WARN_OBJC_ROOT_CLASS = YES_ERROR;
				CLANG_WARN_RANGE_LOOP_ANALYSIS = YES;
				CLANG_WARN_STRICT_PROTOTYPES = YES;
				CLANG_WARN_SUSPICIOUS_MOVE = YES;
				CLANG_WARN_UNGUARDED_AVAILABILITY = YES_AGGRESSIVE;
				CLANG_WARN_UNREACHABLE_CODE = YES;
				CLANG_WARN__DUPLICATE_METHOD_MATCH = YES;
				CODE_SIGN_IDENTITY = "iPhone Developer";
				COPY_PHASE_STRIP = NO;
				DEBUG_INFORMATION_FORMAT = "dwarf-with-dsym";
				ENABLE_NS_ASSERTIONS = NO;
				ENABLE_STRICT_OBJC_MSGSEND = YES;
				GCC_C_LANGUAGE_STANDARD = gnu11;
				GCC_NO_COMMON_BLOCKS = YES;
				GCC_WARN_64_TO_32_BIT_CONVERSION = YES;
				GCC_WARN_ABOUT_RETURN_TYPE = YES_ERROR;
				GCC_WARN_UNDECLARED_SELECTOR = YES;
				GCC_WARN_UNINITIALIZED_AUTOS = YES_AGGRESSIVE;
				GCC_WARN_UNUSED_FUNCTION = YES;
				GCC_WARN_UNUSED_VARIABLE = YES;
				IPHONEOS_DEPLOYMENT_TARGET = 12.1;
				MTL_ENABLE_DEBUG_INFO = NO;
				MTL_FAST_MATH = YES;
				SDKROOT = iphoneos;
				VALIDATE_PRODUCT = YES;
			};
			name = Release;
		};
		2A0D05CC21EF9C8D007C87D2 /* Debug */ = {
			isa = XCBuildConfiguration;
			buildSettings = {
				ASSETCATALOG_COMPILER_APPICON_NAME = AppIcon;
				CODE_SIGN_STYLE = Automatic;
				DEVELOPMENT_TEAM = H2GBZ259YT;
				INFOPLIST_FILE = InterfaceBuilder/Info.plist;
				LD_RUNPATH_SEARCH_PATHS = (
					"$(inherited)",
					"@executable_path/Frameworks",
				);
				PRODUCT_BUNDLE_IDENTIFIER = org.gameofapps.InterfaceBuilder;
				PRODUCT_NAME = "$(TARGET_NAME)";
				TARGETED_DEVICE_FAMILY = "1,2";
			};
			name = Debug;
		};
		2A0D05CD21EF9C8D007C87D2 /* Release */ = {
			isa = XCBuildConfiguration;
			buildSettings = {
				ASSETCATALOG_COMPILER_APPICON_NAME = AppIcon;
				CODE_SIGN_STYLE = Automatic;
				DEVELOPMENT_TEAM = H2GBZ259YT;
				INFOPLIST_FILE = InterfaceBuilder/Info.plist;
				LD_RUNPATH_SEARCH_PATHS = (
					"$(inherited)",
					"@executable_path/Frameworks",
				);
				PRODUCT_BUNDLE_IDENTIFIER = org.gameofapps.InterfaceBuilder;
				PRODUCT_NAME = "$(TARGET_NAME)";
				TARGETED_DEVICE_FAMILY = "1,2";
			};
			name = Release;
		};
/* End XCBuildConfiguration section */

/* Begin XCConfigurationList section */
		2A0D05B021EF9C8B007C87D2 /* Build configuration list for PBXProject "InterfaceBuilder" */ = {
			isa = XCConfigurationList;
			buildConfigurations = (
				2A0D05C921EF9C8D007C87D2 /* Debug */,
				2A0D05CA21EF9C8D007C87D2 /* Release */,
			);
			defaultConfigurationIsVisible = 0;
			defaultConfigurationName = Release;
		};
		2A0D05CB21EF9C8D007C87D2 /* Build configuration list for PBXNativeTarget "InterfaceBuilder" */ = {
			isa = XCConfigurationList;
			buildConfigurations = (
				2A0D05CC21EF9C8D007C87D2 /* Debug */,
				2A0D05CD21EF9C8D007C87D2 /* Release */,
			);
			defaultConfigurationIsVisible = 0;
			defaultConfigurationName = Release;
		};
/* End XCConfigurationList section */
	};
	rootObject = 2A0D05AD21EF9C8B007C87D2 /* Project object */;
}
