// !$*UTF8*$!
{
	archiveVersion = 1;
	classes = {
	};
	objectVersion = 50;
	objects = {

/* Begin PBXBuildFile section */
		774FFD0922A8F95B0001CAE1 /* AppDelegate.m in Sources */ = {isa = PBXBuildFile; fileRef = 774FFD0822A8F95B0001CAE1 /* AppDelegate.m */; };
		774FFD0C22A8F95B0001CAE1 /* SceneDelegate.m in Sources */ = {isa = PBXBuildFile; fileRef = 774FFD0B22A8F95B0001CAE1 /* SceneDelegate.m */; };
		774FFD0F22A8F95B0001CAE1 /* ViewController.m in Sources */ = {isa = PBXBuildFile; fileRef = 774FFD0E22A8F95B0001CAE1 /* ViewController.m */; };
		774FFD1222A8F95B0001CAE1 /* Main.storyboard in Resources */ = {isa = PBXBuildFile; fileRef = 774FFD1022A8F95B0001CAE1 /* Main.storyboard */; };
		774FFD1422A8F95C0001CAE1 /* Assets.xcassets in Resources */ = {isa = PBXBuildFile; fileRef = 774FFD1322A8F95C0001CAE1 /* Assets.xcassets */; };
		774FFD1722A8F95C0001CAE1 /* LaunchScreen.storyboard in Resources */ = {isa = PBXBuildFile; fileRef = 774FFD1522A8F95C0001CAE1 /* LaunchScreen.storyboard */; };
		774FFD1A22A8F95C0001CAE1 /* main.m in Sources */ = {isa = PBXBuildFile; fileRef = 774FFD1922A8F95C0001CAE1 /* main.m */; };
		774FFD2222A9004D0001CAE1 /* NotificationCenterDemoViewController.m in Sources */ = {isa = PBXBuildFile; fileRef = 774FFD2122A9004D0001CAE1 /* NotificationCenterDemoViewController.m */; };
		774FFD2722A902010001CAE1 /* KVODemoViewController.m in Sources */ = {isa = PBXBuildFile; fileRef = 774FFD2622A902010001CAE1 /* KVODemoViewController.m */; };
/* End PBXBuildFile section */

/* Begin PBXFileReference section */
		774FFD0422A8F95B0001CAE1 /* W2D4-Communications.app */ = {isa = PBXFileReference; explicitFileType = wrapper.application; includeInIndex = 0; path = "W2D4-Communications.app"; sourceTree = BUILT_PRODUCTS_DIR; };
		774FFD0722A8F95B0001CAE1 /* AppDelegate.h */ = {isa = PBXFileReference; lastKnownFileType = sourcecode.c.h; path = AppDelegate.h; sourceTree = "<group>"; };
		774FFD0822A8F95B0001CAE1 /* AppDelegate.m */ = {isa = PBXFileReference; lastKnownFileType = sourcecode.c.objc; path = AppDelegate.m; sourceTree = "<group>"; };
		774FFD0A22A8F95B0001CAE1 /* SceneDelegate.h */ = {isa = PBXFileReference; lastKnownFileType = sourcecode.c.h; path = SceneDelegate.h; sourceTree = "<group>"; };
		774FFD0B22A8F95B0001CAE1 /* SceneDelegate.m */ = {isa = PBXFileReference; lastKnownFileType = sourcecode.c.objc; path = SceneDelegate.m; sourceTree = "<group>"; };
		774FFD0D22A8F95B0001CAE1 /* ViewController.h */ = {isa = PBXFileReference; lastKnownFileType = sourcecode.c.h; path = ViewController.h; sourceTree = "<group>"; };
		774FFD0E22A8F95B0001CAE1 /* ViewController.m */ = {isa = PBXFileReference; lastKnownFileType = sourcecode.c.objc; path = ViewController.m; sourceTree = "<group>"; };
		774FFD1122A8F95B0001CAE1 /* Base */ = {isa = PBXFileReference; lastKnownFileType = file.storyboard; name = Base; path = Base.lproj/Main.storyboard; sourceTree = "<group>"; };
		774FFD1322A8F95C0001CAE1 /* Assets.xcassets */ = {isa = PBXFileReference; lastKnownFileType = folder.assetcatalog; path = Assets.xcassets; sourceTree = "<group>"; };
		774FFD1622A8F95C0001CAE1 /* Base */ = {isa = PBXFileReference; lastKnownFileType = file.storyboard; name = Base; path = Base.lproj/LaunchScreen.storyboard; sourceTree = "<group>"; };
		774FFD1822A8F95C0001CAE1 /* Info.plist */ = {isa = PBXFileReference; lastKnownFileType = text.plist.xml; path = Info.plist; sourceTree = "<group>"; };
		774FFD1922A8F95C0001CAE1 /* main.m */ = {isa = PBXFileReference; lastKnownFileType = sourcecode.c.objc; path = main.m; sourceTree = "<group>"; };
		774FFD2022A9004D0001CAE1 /* NotificationCenterDemoViewController.h */ = {isa = PBXFileReference; lastKnownFileType = sourcecode.c.h; path = NotificationCenterDemoViewController.h; sourceTree = "<group>"; };
		774FFD2122A9004D0001CAE1 /* NotificationCenterDemoViewController.m */ = {isa = PBXFileReference; lastKnownFileType = sourcecode.c.objc; path = NotificationCenterDemoViewController.m; sourceTree = "<group>"; };
		774FFD2522A902010001CAE1 /* KVODemoViewController.h */ = {isa = PBXFileReference; lastKnownFileType = sourcecode.c.h; path = KVODemoViewController.h; sourceTree = "<group>"; };
		774FFD2622A902010001CAE1 /* KVODemoViewController.m */ = {isa = PBXFileReference; lastKnownFileType = sourcecode.c.objc; path = KVODemoViewController.m; sourceTree = "<group>"; };
/* End PBXFileReference section */

/* Begin PBXFrameworksBuildPhase section */
		774FFD0122A8F95B0001CAE1 /* Frameworks */ = {
			isa = PBXFrameworksBuildPhase;
			buildActionMask = 2147483647;
			files = (
			);
			runOnlyForDeploymentPostprocessing = 0;
		};
/* End PBXFrameworksBuildPhase section */

/* Begin PBXGroup section */
		774FFCFB22A8F95B0001CAE1 = {
			isa = PBXGroup;
			children = (
				774FFD0622A8F95B0001CAE1 /* W2D4-Communications */,
				774FFD0522A8F95B0001CAE1 /* Products */,
			);
			sourceTree = "<group>";
		};
		774FFD0522A8F95B0001CAE1 /* Products */ = {
			isa = PBXGroup;
			children = (
				774FFD0422A8F95B0001CAE1 /* W2D4-Communications.app */,
			);
			name = Products;
			sourceTree = "<group>";
		};
		774FFD0622A8F95B0001CAE1 /* W2D4-Communications */ = {
			isa = PBXGroup;
			children = (
				774FFD2422A900710001CAE1 /* Major Delegates */,
				774FFD2322A900560001CAE1 /* Controllers */,
				774FFD1022A8F95B0001CAE1 /* Main.storyboard */,
				774FFD1322A8F95C0001CAE1 /* Assets.xcassets */,
				774FFD1522A8F95C0001CAE1 /* LaunchScreen.storyboard */,
				774FFD1822A8F95C0001CAE1 /* Info.plist */,
				774FFD1922A8F95C0001CAE1 /* main.m */,
			);
			path = "W2D4-Communications";
			sourceTree = "<group>";
		};
		774FFD2322A900560001CAE1 /* Controllers */ = {
			isa = PBXGroup;
			children = (
				774FFD0D22A8F95B0001CAE1 /* ViewController.h */,
				774FFD0E22A8F95B0001CAE1 /* ViewController.m */,
				774FFD2022A9004D0001CAE1 /* NotificationCenterDemoViewController.h */,
				774FFD2122A9004D0001CAE1 /* NotificationCenterDemoViewController.m */,
				774FFD2522A902010001CAE1 /* KVODemoViewController.h */,
				774FFD2622A902010001CAE1 /* KVODemoViewController.m */,
			);
			path = Controllers;
			sourceTree = "<group>";
		};
		774FFD2422A900710001CAE1 /* Major Delegates */ = {
			isa = PBXGroup;
			children = (
				774FFD0722A8F95B0001CAE1 /* AppDelegate.h */,
				774FFD0822A8F95B0001CAE1 /* AppDelegate.m */,
				774FFD0A22A8F95B0001CAE1 /* SceneDelegate.h */,
				774FFD0B22A8F95B0001CAE1 /* SceneDelegate.m */,
			);
			path = "Major Delegates";
			sourceTree = "<group>";
		};
/* End PBXGroup section */

/* Begin PBXNativeTarget section */
		774FFD0322A8F95B0001CAE1 /* W2D4-Communications */ = {
			isa = PBXNativeTarget;
			buildConfigurationList = 774FFD1D22A8F95C0001CAE1 /* Build configuration list for PBXNativeTarget "W2D4-Communications" */;
			buildPhases = (
				774FFD0022A8F95B0001CAE1 /* Sources */,
				774FFD0122A8F95B0001CAE1 /* Frameworks */,
				774FFD0222A8F95B0001CAE1 /* Resources */,
			);
			buildRules = (
			);
			dependencies = (
			);
			name = "W2D4-Communications";
			productName = "W2D4-Communications";
			productReference = 774FFD0422A8F95B0001CAE1 /* W2D4-Communications.app */;
			productType = "com.apple.product-type.application";
		};
/* End PBXNativeTarget section */

/* Begin PBXProject section */
		774FFCFC22A8F95B0001CAE1 /* Project object */ = {
			isa = PBXProject;
			attributes = {
				LastUpgradeCheck = 1100;
				ORGANIZATIONNAME = "Massimo Savino";
				TargetAttributes = {
					774FFD0322A8F95B0001CAE1 = {
						CreatedOnToolsVersion = 11.0;
					};
				};
			};
			buildConfigurationList = 774FFCFF22A8F95B0001CAE1 /* Build configuration list for PBXProject "W2D4-Communications" */;
			compatibilityVersion = "Xcode 9.3";
			developmentRegion = en;
			hasScannedForEncodings = 0;
			knownRegions = (
				en,
				Base,
			);
			mainGroup = 774FFCFB22A8F95B0001CAE1;
			productRefGroup = 774FFD0522A8F95B0001CAE1 /* Products */;
			projectDirPath = "";
			projectRoot = "";
			targets = (
				774FFD0322A8F95B0001CAE1 /* W2D4-Communications */,
			);
		};
/* End PBXProject section */

/* Begin PBXResourcesBuildPhase section */
		774FFD0222A8F95B0001CAE1 /* Resources */ = {
			isa = PBXResourcesBuildPhase;
			buildActionMask = 2147483647;
			files = (
				774FFD1722A8F95C0001CAE1 /* LaunchScreen.storyboard in Resources */,
				774FFD1422A8F95C0001CAE1 /* Assets.xcassets in Resources */,
				774FFD1222A8F95B0001CAE1 /* Main.storyboard in Resources */,
			);
			runOnlyForDeploymentPostprocessing = 0;
		};
/* End PBXResourcesBuildPhase section */

/* Begin PBXSourcesBuildPhase section */
		774FFD0022A8F95B0001CAE1 /* Sources */ = {
			isa = PBXSourcesBuildPhase;
			buildActionMask = 2147483647;
			files = (
				774FFD2222A9004D0001CAE1 /* NotificationCenterDemoViewController.m in Sources */,
				774FFD0F22A8F95B0001CAE1 /* ViewController.m in Sources */,
				774FFD2722A902010001CAE1 /* KVODemoViewController.m in Sources */,
				774FFD0922A8F95B0001CAE1 /* AppDelegate.m in Sources */,
				774FFD1A22A8F95C0001CAE1 /* main.m in Sources */,
				774FFD0C22A8F95B0001CAE1 /* SceneDelegate.m in Sources */,
			);
			runOnlyForDeploymentPostprocessing = 0;
		};
/* End PBXSourcesBuildPhase section */

/* Begin PBXVariantGroup section */
		774FFD1022A8F95B0001CAE1 /* Main.storyboard */ = {
			isa = PBXVariantGroup;
			children = (
				774FFD1122A8F95B0001CAE1 /* Base */,
			);
			name = Main.storyboard;
			sourceTree = "<group>";
		};
		774FFD1522A8F95C0001CAE1 /* LaunchScreen.storyboard */ = {
			isa = PBXVariantGroup;
			children = (
				774FFD1622A8F95C0001CAE1 /* Base */,
			);
			name = LaunchScreen.storyboard;
			sourceTree = "<group>";
		};
/* End PBXVariantGroup section */

/* Begin XCBuildConfiguration section */
		774FFD1B22A8F95C0001CAE1 /* Debug */ = {
			isa = XCBuildConfiguration;
			buildSettings = {
				ALWAYS_SEARCH_USER_PATHS = NO;
				CLANG_ANALYZER_NONNULL = YES;
				CLANG_ANALYZER_NUMBER_OBJECT_CONVERSION = YES_AGGRESSIVE;
				CLANG_CXX_LANGUAGE_STANDARD = "gnu++14";
				CLANG_CXX_LIBRARY = "libc++";
				CLANG_ENABLE_MODULES = YES;
				CLANG_ENABLE_OBJC_ARC = YES;
				CLANG_ENABLE_OBJC_WEAK = YES;
				CLANG_WARN_BLOCK_CAPTURE_AUTORELEASING = YES;
				CLANG_WARN_BOOL_CONVERSION = YES;
				CLANG_WARN_COMMA = YES;
				CLANG_WARN_CONSTANT_CONVERSION = YES;
				CLANG_WARN_DEPRECATED_OBJC_IMPLEMENTATIONS = YES;
				CLANG_WARN_DIRECT_OBJC_ISA_USAGE = YES_ERROR;
				CLANG_WARN_DOCUMENTATION_COMMENTS = YES;
				CLANG_WARN_EMPTY_BODY = YES;
				CLANG_WARN_ENUM_CONVERSION = YES;
				CLANG_WARN_INFINITE_RECURSION = YES;
				CLANG_WARN_INT_CONVERSION = YES;
				CLANG_WARN_NON_LITERAL_NULL_CONVERSION = YES;
				CLANG_WARN_OBJC_IMPLICIT_RETAIN_SELF = YES;
				CLANG_WARN_OBJC_LITERAL_CONVERSION = YES;
				CLANG_WARN_OBJC_ROOT_CLASS = YES_ERROR;
				CLANG_WARN_RANGE_LOOP_ANALYSIS = YES;
				CLANG_WARN_STRICT_PROTOTYPES = YES;
				CLANG_WARN_SUSPICIOUS_MOVE = YES;
				CLANG_WARN_UNGUARDED_AVAILABILITY = YES_AGGRESSIVE;
				CLANG_WARN_UNREACHABLE_CODE = YES;
				CLANG_WARN__DUPLICATE_METHOD_MATCH = YES;
				COPY_PHASE_STRIP = NO;
				DEBUG_INFORMATION_FORMAT = dwarf;
				ENABLE_STRICT_OBJC_MSGSEND = YES;
				ENABLE_TESTABILITY = YES;
				GCC_C_LANGUAGE_STANDARD = gnu11;
				GCC_DYNAMIC_NO_PIC = NO;
				GCC_NO_COMMON_BLOCKS = YES;
				GCC_OPTIMIZATION_LEVEL = 0;
				GCC_PREPROCESSOR_DEFINITIONS = (
					"DEBUG=1",
					"$(inherited)",
				);
				GCC_WARN_64_TO_32_BIT_CONVERSION = YES;
				GCC_WARN_ABOUT_RETURN_TYPE = YES_ERROR;
				GCC_WARN_UNDECLARED_SELECTOR = YES;
				GCC_WARN_UNINITIALIZED_AUTOS = YES_AGGRESSIVE;
				GCC_WARN_UNUSED_FUNCTION = YES;
				GCC_WARN_UNUSED_VARIABLE = YES;
				IPHONEOS_DEPLOYMENT_TARGET = 13.0;
				MTL_ENABLE_DEBUG_INFO = INCLUDE_SOURCE;
				MTL_FAST_MATH = YES;
				ONLY_ACTIVE_ARCH = YES;
				SDKROOT = iphoneos;
			};
			name = Debug;
		};
		774FFD1C22A8F95C0001CAE1 /* Release */ = {
			isa = XCBuildConfiguration;
			buildSettings = {
				ALWAYS_SEARCH_USER_PATHS = NO;
				CLANG_ANALYZER_NONNULL = YES;
				CLANG_ANALYZER_NUMBER_OBJECT_CONVERSION = YES_AGGRESSIVE;
				CLANG_CXX_LANGUAGE_STANDARD = "gnu++14";
				CLANG_CXX_LIBRARY = "libc++";
				CLANG_ENABLE_MODULES = YES;
				CLANG_ENABLE_OBJC_ARC = YES;
				CLANG_ENABLE_OBJC_WEAK = YES;
				CLANG_WARN_BLOCK_CAPTURE_AUTORELEASING = YES;
				CLANG_WARN_BOOL_CONVERSION = YES;
				CLANG_WARN_COMMA = YES;
				CLANG_WARN_CONSTANT_CONVERSION = YES;
				CLANG_WARN_DEPRECATED_OBJC_IMPLEMENTATIONS = YES;
				CLANG_WARN_DIRECT_OBJC_ISA_USAGE = YES_ERROR;
				CLANG_WARN_DOCUMENTATION_COMMENTS = YES;
				CLANG_WARN_EMPTY_BODY = YES;
				CLANG_WARN_ENUM_CONVERSION = YES;
				CLANG_WARN_INFINITE_RECURSION = YES;
				CLANG_WARN_INT_CONVERSION = YES;
				CLANG_WARN_NON_LITERAL_NULL_CONVERSION = YES;
				CLANG_WARN_OBJC_IMPLICIT_RETAIN_SELF = YES;
				CLANG_WARN_OBJC_LITERAL_CONVERSION = YES;
				CLANG_WARN_OBJC_ROOT_CLASS = YES_ERROR;
				CLANG_WARN_RANGE_LOOP_ANALYSIS = YES;
				CLANG_WARN_STRICT_PROTOTYPES = YES;
				CLANG_WARN_SUSPICIOUS_MOVE = YES;
				CLANG_WARN_UNGUARDED_AVAILABILITY = YES_AGGRESSIVE;
				CLANG_WARN_UNREACHABLE_CODE = YES;
				CLANG_WARN__DUPLICATE_METHOD_MATCH = YES;
				COPY_PHASE_STRIP = NO;
				DEBUG_INFORMATION_FORMAT = "dwarf-with-dsym";
				ENABLE_NS_ASSERTIONS = NO;
				ENABLE_STRICT_OBJC_MSGSEND = YES;
				GCC_C_LANGUAGE_STANDARD = gnu11;
				GCC_NO_COMMON_BLOCKS = YES;
				GCC_WARN_64_TO_32_BIT_CONVERSION = YES;
				GCC_WARN_ABOUT_RETURN_TYPE = YES_ERROR;
				GCC_WARN_UNDECLARED_SELECTOR = YES;
				GCC_WARN_UNINITIALIZED_AUTOS = YES_AGGRESSIVE;
				GCC_WARN_UNUSED_FUNCTION = YES;
				GCC_WARN_UNUSED_VARIABLE = YES;
				IPHONEOS_DEPLOYMENT_TARGET = 13.0;
				MTL_ENABLE_DEBUG_INFO = NO;
				MTL_FAST_MATH = YES;
				SDKROOT = iphoneos;
				VALIDATE_PRODUCT = YES;
			};
			name = Release;
		};
		774FFD1E22A8F95C0001CAE1 /* Debug */ = {
			isa = XCBuildConfiguration;
			buildSettings = {
				ASSETCATALOG_COMPILER_APPICON_NAME = AppIcon;
				CODE_SIGN_STYLE = Automatic;
				DEVELOPMENT_TEAM = HDMN82H87M;
				INFOPLIST_FILE = "W2D4-Communications/Info.plist";
				LD_RUNPATH_SEARCH_PATHS = (
					"$(inherited)",
					"@executable_path/Frameworks",
				);
				PRODUCT_BUNDLE_IDENTIFIER = "com.northtwilightdevelopment.W2D4-Communications";
				PRODUCT_NAME = "$(TARGET_NAME)";
				TARGETED_DEVICE_FAMILY = "1,2";
			};
			name = Debug;
		};
		774FFD1F22A8F95C0001CAE1 /* Release */ = {
			isa = XCBuildConfiguration;
			buildSettings = {
				ASSETCATALOG_COMPILER_APPICON_NAME = AppIcon;
				CODE_SIGN_STYLE = Automatic;
				DEVELOPMENT_TEAM = HDMN82H87M;
				INFOPLIST_FILE = "W2D4-Communications/Info.plist";
				LD_RUNPATH_SEARCH_PATHS = (
					"$(inherited)",
					"@executable_path/Frameworks",
				);
				PRODUCT_BUNDLE_IDENTIFIER = "com.northtwilightdevelopment.W2D4-Communications";
				PRODUCT_NAME = "$(TARGET_NAME)";
				TARGETED_DEVICE_FAMILY = "1,2";
			};
			name = Release;
		};
/* End XCBuildConfiguration section */

/* Begin XCConfigurationList section */
		774FFCFF22A8F95B0001CAE1 /* Build configuration list for PBXProject "W2D4-Communications" */ = {
			isa = XCConfigurationList;
			buildConfigurations = (
				774FFD1B22A8F95C0001CAE1 /* Debug */,
				774FFD1C22A8F95C0001CAE1 /* Release */,
			);
			defaultConfigurationIsVisible = 0;
			defaultConfigurationName = Release;
		};
		774FFD1D22A8F95C0001CAE1 /* Build configuration list for PBXNativeTarget "W2D4-Communications" */ = {
			isa = XCConfigurationList;
			buildConfigurations = (
				774FFD1E22A8F95C0001CAE1 /* Debug */,
				774FFD1F22A8F95C0001CAE1 /* Release */,
			);
			defaultConfigurationIsVisible = 0;
			defaultConfigurationName = Release;
		};
/* End XCConfigurationList section */
	};
	rootObject = 774FFCFC22A8F95B0001CAE1 /* Project object */;
}
