// !$*UTF8*$!
{
	archiveVersion = 1;
	classes = {
	};
	objectVersion = 50;
	objects = {

/* Begin PBXBuildFile section */
		55E626D022847113004FEBD9 /* AppDelegate.m in Sources */ = {isa = PBXBuildFile; fileRef = 55E626CF22847113004FEBD9 /* AppDelegate.m */; };
		55E626D322847113004FEBD9 /* ViewController.m in Sources */ = {isa = PBXBuildFile; fileRef = 55E626D222847113004FEBD9 /* ViewController.m */; };
		55E626D622847113004FEBD9 /* Main.storyboard in Resources */ = {isa = PBXBuildFile; fileRef = 55E626D422847113004FEBD9 /* Main.storyboard */; };
		55E626D822847114004FEBD9 /* Assets.xcassets in Resources */ = {isa = PBXBuildFile; fileRef = 55E626D722847114004FEBD9 /* Assets.xcassets */; };
		55E626DB22847114004FEBD9 /* LaunchScreen.storyboard in Resources */ = {isa = PBXBuildFile; fileRef = 55E626D922847114004FEBD9 /* LaunchScreen.storyboard */; };
		55E626DE22847114004FEBD9 /* main.m in Sources */ = {isa = PBXBuildFile; fileRef = 55E626DD22847114004FEBD9 /* main.m */; };
/* End PBXBuildFile section */

/* Begin PBXFileReference section */
		55E626CB22847113004FEBD9 /* GestureRecognizers.app */ = {isa = PBXFileReference; explicitFileType = wrapper.application; includeInIndex = 0; path = GestureRecognizers.app; sourceTree = BUILT_PRODUCTS_DIR; };
		55E626CE22847113004FEBD9 /* AppDelegate.h */ = {isa = PBXFileReference; lastKnownFileType = sourcecode.c.h; path = AppDelegate.h; sourceTree = "<group>"; };
		55E626CF22847113004FEBD9 /* AppDelegate.m */ = {isa = PBXFileReference; lastKnownFileType = sourcecode.c.objc; path = AppDelegate.m; sourceTree = "<group>"; };
		55E626D122847113004FEBD9 /* ViewController.h */ = {isa = PBXFileReference; lastKnownFileType = sourcecode.c.h; path = ViewController.h; sourceTree = "<group>"; };
		55E626D222847113004FEBD9 /* ViewController.m */ = {isa = PBXFileReference; lastKnownFileType = sourcecode.c.objc; path = ViewController.m; sourceTree = "<group>"; };
		55E626D522847113004FEBD9 /* Base */ = {isa = PBXFileReference; lastKnownFileType = file.storyboard; name = Base; path = Base.lproj/Main.storyboard; sourceTree = "<group>"; };
		55E626D722847114004FEBD9 /* Assets.xcassets */ = {isa = PBXFileReference; lastKnownFileType = folder.assetcatalog; path = Assets.xcassets; sourceTree = "<group>"; };
		55E626DA22847114004FEBD9 /* Base */ = {isa = PBXFileReference; lastKnownFileType = file.storyboard; name = Base; path = Base.lproj/LaunchScreen.storyboard; sourceTree = "<group>"; };
		55E626DC22847114004FEBD9 /* Info.plist */ = {isa = PBXFileReference; lastKnownFileType = text.plist.xml; path = Info.plist; sourceTree = "<group>"; };
		55E626DD22847114004FEBD9 /* main.m */ = {isa = PBXFileReference; lastKnownFileType = sourcecode.c.objc; path = main.m; sourceTree = "<group>"; };
/* End PBXFileReference section */

/* Begin PBXFrameworksBuildPhase section */
		55E626C822847113004FEBD9 /* Frameworks */ = {
			isa = PBXFrameworksBuildPhase;
			buildActionMask = 2147483647;
			files = (
			);
			runOnlyForDeploymentPostprocessing = 0;
		};
/* End PBXFrameworksBuildPhase section */

/* Begin PBXGroup section */
		55E626C222847113004FEBD9 = {
			isa = PBXGroup;
			children = (
				55E626CD22847113004FEBD9 /* GestureRecognizers */,
				55E626CC22847113004FEBD9 /* Products */,
			);
			sourceTree = "<group>";
		};
		55E626CC22847113004FEBD9 /* Products */ = {
			isa = PBXGroup;
			children = (
				55E626CB22847113004FEBD9 /* GestureRecognizers.app */,
			);
			name = Products;
			sourceTree = "<group>";
		};
		55E626CD22847113004FEBD9 /* GestureRecognizers */ = {
			isa = PBXGroup;
			children = (
				55E626CE22847113004FEBD9 /* AppDelegate.h */,
				55E626CF22847113004FEBD9 /* AppDelegate.m */,
				55E626D122847113004FEBD9 /* ViewController.h */,
				55E626D222847113004FEBD9 /* ViewController.m */,
				55E626D422847113004FEBD9 /* Main.storyboard */,
				55E626D722847114004FEBD9 /* Assets.xcassets */,
				55E626D922847114004FEBD9 /* LaunchScreen.storyboard */,
				55E626DC22847114004FEBD9 /* Info.plist */,
				55E626DD22847114004FEBD9 /* main.m */,
			);
			path = GestureRecognizers;
			sourceTree = "<group>";
		};
/* End PBXGroup section */

/* Begin PBXNativeTarget section */
		55E626CA22847113004FEBD9 /* GestureRecognizers */ = {
			isa = PBXNativeTarget;
			buildConfigurationList = 55E626E122847114004FEBD9 /* Build configuration list for PBXNativeTarget "GestureRecognizers" */;
			buildPhases = (
				55E626C722847113004FEBD9 /* Sources */,
				55E626C822847113004FEBD9 /* Frameworks */,
				55E626C922847113004FEBD9 /* Resources */,
			);
			buildRules = (
			);
			dependencies = (
			);
			name = GestureRecognizers;
			productName = GestureRecognizers;
			productReference = 55E626CB22847113004FEBD9 /* GestureRecognizers.app */;
			productType = "com.apple.product-type.application";
		};
/* End PBXNativeTarget section */

/* Begin PBXProject section */
		55E626C322847113004FEBD9 /* Project object */ = {
			isa = PBXProject;
			attributes = {
				LastUpgradeCheck = 1010;
				ORGANIZATIONNAME = "David Mills";
				TargetAttributes = {
					55E626CA22847113004FEBD9 = {
						CreatedOnToolsVersion = 10.1;
					};
				};
			};
			buildConfigurationList = 55E626C622847113004FEBD9 /* Build configuration list for PBXProject "GestureRecognizers" */;
			compatibilityVersion = "Xcode 9.3";
			developmentRegion = en;
			hasScannedForEncodings = 0;
			knownRegions = (
				en,
				Base,
			);
			mainGroup = 55E626C222847113004FEBD9;
			productRefGroup = 55E626CC22847113004FEBD9 /* Products */;
			projectDirPath = "";
			projectRoot = "";
			targets = (
				55E626CA22847113004FEBD9 /* GestureRecognizers */,
			);
		};
/* End PBXProject section */

/* Begin PBXResourcesBuildPhase section */
		55E626C922847113004FEBD9 /* Resources */ = {
			isa = PBXResourcesBuildPhase;
			buildActionMask = 2147483647;
			files = (
				55E626DB22847114004FEBD9 /* LaunchScreen.storyboard in Resources */,
				55E626D822847114004FEBD9 /* Assets.xcassets in Resources */,
				55E626D622847113004FEBD9 /* Main.storyboard in Resources */,
			);
			runOnlyForDeploymentPostprocessing = 0;
		};
/* End PBXResourcesBuildPhase section */

/* Begin PBXSourcesBuildPhase section */
		55E626C722847113004FEBD9 /* Sources */ = {
			isa = PBXSourcesBuildPhase;
			buildActionMask = 2147483647;
			files = (
				55E626D322847113004FEBD9 /* ViewController.m in Sources */,
				55E626DE22847114004FEBD9 /* main.m in Sources */,
				55E626D022847113004FEBD9 /* AppDelegate.m in Sources */,
			);
			runOnlyForDeploymentPostprocessing = 0;
		};
/* End PBXSourcesBuildPhase section */

/* Begin PBXVariantGroup section */
		55E626D422847113004FEBD9 /* Main.storyboard */ = {
			isa = PBXVariantGroup;
			children = (
				55E626D522847113004FEBD9 /* Base */,
			);
			name = Main.storyboard;
			sourceTree = "<group>";
		};
		55E626D922847114004FEBD9 /* LaunchScreen.storyboard */ = {
			isa = PBXVariantGroup;
			children = (
				55E626DA22847114004FEBD9 /* Base */,
			);
			name = LaunchScreen.storyboard;
			sourceTree = "<group>";
		};
/* End PBXVariantGroup section */

/* Begin XCBuildConfiguration section */
		55E626DF22847114004FEBD9 /* Debug */ = {
			isa = XCBuildConfiguration;
			buildSettings = {
				ALWAYS_SEARCH_USER_PATHS = NO;
				CLANG_ANALYZER_NONNULL = YES;
				CLANG_ANALYZER_NUMBER_OBJECT_CONVERSION = YES_AGGRESSIVE;
				CLANG_CXX_LANGUAGE_STANDARD = "gnu++14";
				CLANG_CXX_LIBRARY = "libc++";
				CLANG_ENABLE_MODULES = YES;
				CLANG_ENABLE_OBJC_ARC = YES;
				CLANG_ENABLE_OBJC_WEAK = YES;
				CLANG_WARN_BLOCK_CAPTURE_AUTORELEASING = YES;
				CLANG_WARN_BOOL_CONVERSION = YES;
				CLANG_WARN_COMMA = YES;
				CLANG_WARN_CONSTANT_CONVERSION = YES;
				CLANG_WARN_DEPRECATED_OBJC_IMPLEMENTATIONS = YES;
				CLANG_WARN_DIRECT_OBJC_ISA_USAGE = YES_ERROR;
				CLANG_WARN_DOCUMENTATION_COMMENTS = YES;
				CLANG_WARN_EMPTY_BODY = YES;
				CLANG_WARN_ENUM_CONVERSION = YES;
				CLANG_WARN_INFINITE_RECURSION = YES;
				CLANG_WARN_INT_CONVERSION = YES;
				CLANG_WARN_NON_LITERAL_NULL_CONVERSION = YES;
				CLANG_WARN_OBJC_IMPLICIT_RETAIN_SELF = YES;
				CLANG_WARN_OBJC_LITERAL_CONVERSION = YES;
				CLANG_WARN_OBJC_ROOT_CLASS = YES_ERROR;
				CLANG_WARN_RANGE_LOOP_ANALYSIS = YES;
				CLANG_WARN_STRICT_PROTOTYPES = YES;
				CLANG_WARN_SUSPICIOUS_MOVE = YES;
				CLANG_WARN_UNGUARDED_AVAILABILITY = YES_AGGRESSIVE;
				CLANG_WARN_UNREACHABLE_CODE = YES;
				CLANG_WARN__DUPLICATE_METHOD_MATCH = YES;
				CODE_SIGN_IDENTITY = "iPhone Developer";
				COPY_PHASE_STRIP = NO;
				DEBUG_INFORMATION_FORMAT = dwarf;
				ENABLE_STRICT_OBJC_MSGSEND = YES;
				ENABLE_TESTABILITY = YES;
				GCC_C_LANGUAGE_STANDARD = gnu11;
				GCC_DYNAMIC_NO_PIC = NO;
				GCC_NO_COMMON_BLOCKS = YES;
				GCC_OPTIMIZATION_LEVEL = 0;
				GCC_PREPROCESSOR_DEFINITIONS = (
					"DEBUG=1",
					"$(inherited)",
				);
				GCC_WARN_64_TO_32_BIT_CONVERSION = YES;
				GCC_WARN_ABOUT_RETURN_TYPE = YES_ERROR;
				GCC_WARN_UNDECLARED_SELECTOR = YES;
				GCC_WARN_UNINITIALIZED_AUTOS = YES_AGGRESSIVE;
				GCC_WARN_UNUSED_FUNCTION = YES;
				GCC_WARN_UNUSED_VARIABLE = YES;
				IPHONEOS_DEPLOYMENT_TARGET = 12.1;
				MTL_ENABLE_DEBUG_INFO = INCLUDE_SOURCE;
				MTL_FAST_MATH = YES;
				ONLY_ACTIVE_ARCH = YES;
				SDKROOT = iphoneos;
			};
			name = Debug;
		};
		55E626E022847114004FEBD9 /* Release */ = {
			isa = XCBuildConfiguration;
			buildSettings = {
				ALWAYS_SEARCH_USER_PATHS = NO;
				CLANG_ANALYZER_NONNULL = YES;
				CLANG_ANALYZER_NUMBER_OBJECT_CONVERSION = YES_AGGRESSIVE;
				CLANG_CXX_LANGUAGE_STANDARD = "gnu++14";
				CLANG_CXX_LIBRARY = "libc++";
				CLANG_ENABLE_MODULES = YES;
				CLANG_ENABLE_OBJC_ARC = YES;
				CLANG_ENABLE_OBJC_WEAK = YES;
				CLANG_WARN_BLOCK_CAPTURE_AUTORELEASING = YES;
				CLANG_WARN_BOOL_CONVERSION = YES;
				CLANG_WARN_COMMA = YES;
				CLANG_WARN_CONSTANT_CONVERSION = YES;
				CLANG_WARN_DEPRECATED_OBJC_IMPLEMENTATIONS = YES;
				CLANG_WARN_DIRECT_OBJC_ISA_USAGE = YES_ERROR;
				CLANG_WARN_DOCUMENTATION_COMMENTS = YES;
				CLANG_WARN_EMPTY_BODY = YES;
				CLANG_WARN_ENUM_CONVERSION = YES;
				CLANG_WARN_INFINITE_RECURSION = YES;
				CLANG_WARN_INT_CONVERSION = YES;
				CLANG_WARN_NON_LITERAL_NULL_CONVERSION = YES;
				CLANG_WARN_OBJC_IMPLICIT_RETAIN_SELF = YES;
				CLANG_WARN_OBJC_LITERAL_CONVERSION = YES;
				CLANG_WARN_OBJC_ROOT_CLASS = YES_ERROR;
				CLANG_WARN_RANGE_LOOP_ANALYSIS = YES;
				CLANG_WARN_STRICT_PROTOTYPES = YES;
				CLANG_WARN_SUSPICIOUS_MOVE = YES;
				CLANG_WARN_UNGUARDED_AVAILABILITY = YES_AGGRESSIVE;
				CLANG_WARN_UNREACHABLE_CODE = YES;
				CLANG_WARN__DUPLICATE_METHOD_MATCH = YES;
				CODE_SIGN_IDENTITY = "iPhone Developer";
				COPY_PHASE_STRIP = NO;
				DEBUG_INFORMATION_FORMAT = "dwarf-with-dsym";
				ENABLE_NS_ASSERTIONS = NO;
				ENABLE_STRICT_OBJC_MSGSEND = YES;
				GCC_C_LANGUAGE_STANDARD = gnu11;
				GCC_NO_COMMON_BLOCKS = YES;
				GCC_WARN_64_TO_32_BIT_CONVERSION = YES;
				GCC_WARN_ABOUT_RETURN_TYPE = YES_ERROR;
				GCC_WARN_UNDECLARED_SELECTOR = YES;
				GCC_WARN_UNINITIALIZED_AUTOS = YES_AGGRESSIVE;
				GCC_WARN_UNUSED_FUNCTION = YES;
				GCC_WARN_UNUSED_VARIABLE = YES;
				IPHONEOS_DEPLOYMENT_TARGET = 12.1;
				MTL_ENABLE_DEBUG_INFO = NO;
				MTL_FAST_MATH = YES;
				SDKROOT = iphoneos;
				VALIDATE_PRODUCT = YES;
			};
			name = Release;
		};
		55E626E222847114004FEBD9 /* Debug */ = {
			isa = XCBuildConfiguration;
			buildSettings = {
				ASSETCATALOG_COMPILER_APPICON_NAME = AppIcon;
				CODE_SIGN_STYLE = Automatic;
				DEVELOPMENT_TEAM = HDMN82H87M;
				INFOPLIST_FILE = GestureRecognizers/Info.plist;
				LD_RUNPATH_SEARCH_PATHS = (
					"$(inherited)",
					"@executable_path/Frameworks",
				);
				PRODUCT_BUNDLE_IDENTIFIER = com.1morepx.lhl.GestureRecognizers;
				PRODUCT_NAME = "$(TARGET_NAME)";
				TARGETED_DEVICE_FAMILY = "1,2";
			};
			name = Debug;
		};
		55E626E322847114004FEBD9 /* Release */ = {
			isa = XCBuildConfiguration;
			buildSettings = {
				ASSETCATALOG_COMPILER_APPICON_NAME = AppIcon;
				CODE_SIGN_STYLE = Automatic;
				DEVELOPMENT_TEAM = HDMN82H87M;
				INFOPLIST_FILE = GestureRecognizers/Info.plist;
				LD_RUNPATH_SEARCH_PATHS = (
					"$(inherited)",
					"@executable_path/Frameworks",
				);
				PRODUCT_BUNDLE_IDENTIFIER = com.1morepx.lhl.GestureRecognizers;
				PRODUCT_NAME = "$(TARGET_NAME)";
				TARGETED_DEVICE_FAMILY = "1,2";
			};
			name = Release;
		};
/* End XCBuildConfiguration section */

/* Begin XCConfigurationList section */
		55E626C622847113004FEBD9 /* Build configuration list for PBXProject "GestureRecognizers" */ = {
			isa = XCConfigurationList;
			buildConfigurations = (
				55E626DF22847114004FEBD9 /* Debug */,
				55E626E022847114004FEBD9 /* Release */,
			);
			defaultConfigurationIsVisible = 0;
			defaultConfigurationName = Release;
		};
		55E626E122847114004FEBD9 /* Build configuration list for PBXNativeTarget "GestureRecognizers" */ = {
			isa = XCConfigurationList;
			buildConfigurations = (
				55E626E222847114004FEBD9 /* Debug */,
				55E626E322847114004FEBD9 /* Release */,
			);
			defaultConfigurationIsVisible = 0;
			defaultConfigurationName = Release;
		};
/* End XCConfigurationList section */
	};
	rootObject = 55E626C322847113004FEBD9 /* Project object */;
}
